# THIS IS AN AUTOGENERATED FILE. DO NOT EDIT THIS FILE DIRECTLY.
# yarn lockfile v1


"@types/unist@^2.0.0":
  version "2.0.3"
  resolved "https://registry.npm.taobao.org/@types/unist/download/@types/unist-2.0.3.tgz#9c088679876f374eb5983f150d4787aa6fb32d7e"
  integrity sha1-nAiGeYdvN061mD8VDUeHqm+zLX4=

ansi-regex@^5.0.0:
  version "5.0.0"
  resolved "https://registry.npm.taobao.org/ansi-regex/download/ansi-regex-5.0.0.tgz#388539f55179bf39339c81af30a654d69f87cb75"
  integrity sha1-OIU59VF5vzkznIGvMKZU1p+Hy3U=

emoji-regex@^8.0.0:
  version "8.0.0"
  resolved "https://registry.npm.taobao.org/emoji-regex/download/emoji-regex-8.0.0.tgz?cache=0&sync_timestamp=1611911681737&other_urls=https%3A%2F%2Fregistry.npm.taobao.org%2Femoji-regex%2Fdownload%2Femoji-regex-8.0.0.tgz#e818fd69ce5ccfcb404594f842963bf53164cc37"
  integrity sha1-6Bj9ac5cz8tARZT4QpY79TFkzDc=

grapheme-splitter@^1.0.4:
  version "1.0.4"
  resolved "https://registry.npm.taobao.org/grapheme-splitter/download/grapheme-splitter-1.0.4.tgz#9cf3a665c6247479896834af35cf1dbb4400767e"
  integrity sha1-nPOmZcYkdHmJaDSvNc8du0QAdn4=

is-fullwidth-code-point@^3.0.0:
  version "3.0.0"
  resolved "https://registry.npm.taobao.org/is-fullwidth-code-point/download/is-fullwidth-code-point-3.0.0.tgz#f116f8064fe90b3f7844a38997c0b75051269f1d"
  integrity sha1-8Rb4Bk/pCz94RKOJl8C3UFEmnx0=

lodash.trimend@^4.5.1:
  version "4.5.1"
  resolved "https://registry.npm.taobao.org/lodash.trimend/download/lodash.trimend-4.5.1.tgz#12804437286b98cad8996b79414e11300114082f"
  integrity sha1-EoBENyhrmMrYmWt5QU4RMAEUCC8=

mdast-util-to-string@^2.0.0:
  version "2.0.0"
  resolved "https://registry.npm.taobao.org/mdast-util-to-string/download/mdast-util-to-string-2.0.0.tgz#b8cfe6a713e1091cb5b728fc48885a4767f8b97b"
  integrity sha1-uM/mpxPhCRy1tyj8SIhaR2f4uXs=

remark-grid-tables@^2.1.1:
  version "2.1.1"
  resolved "https://registry.npm.taobao.org/remark-grid-tables/download/remark-grid-tables-2.1.1.tgz#c88683ec89d35498fd86e79af3450776f9d76f6a"
  integrity sha1-yIaD7InTVJj9huea80UHdvnXb2o=
  dependencies:
    grapheme-splitter "^1.0.4"
    lodash.trimend "^4.5.1"
    string-width "^4.2.0"
    unist-util-visit "^2.0.1"

string-width@^4.2.0:
  version "4.2.0"
  resolved "https://registry.npm.taobao.org/string-width/download/string-width-4.2.0.tgz#952182c46cc7b2c313d1596e623992bd163b72b5"
  integrity sha1-lSGCxGzHssMT0VluYjmSvRY7crU=
  dependencies:
    emoji-regex "^8.0.0"
    is-fullwidth-code-point "^3.0.0"
    strip-ansi "^6.0.0"

strip-ansi@^6.0.0:
  version "6.0.0"
  resolved "https://registry.npm.taobao.org/strip-ansi/download/strip-ansi-6.0.0.tgz#0b1571dd7669ccd4f3e06e14ef1eed26225ae532"
  integrity sha1-CxVx3XZpzNTz4G4U7x7tJiJa5TI=
  dependencies:
    ansi-regex "^5.0.0"

unist-util-is@^4.0.0:
  version "4.0.4"
  resolved "https://registry.npm.taobao.org/unist-util-is/download/unist-util-is-4.0.4.tgz#3e9e8de6af2eb0039a59f50c9b3e99698a924f50"
  integrity sha1-Pp6N5q8usAOaWfUMmz6ZaYqST1A=

unist-util-visit-parents@^3.0.0:
  version "3.1.1"
  resolved "https://registry.npm.taobao.org/unist-util-visit-parents/download/unist-util-visit-parents-3.1.1.tgz?cache=0&sync_timestamp=1603108261755&other_urls=https%3A%2F%2Fregistry.npm.taobao.org%2Funist-util-visit-parents%2Fdownload%2Funist-util-visit-parents-3.1.1.tgz#65a6ce698f78a6b0f56aa0e88f13801886cdaef6"
  integrity sha1-ZabOaY94prD1aqDojxOAGIbNrvY=
  dependencies:
    "@types/unist" "^2.0.0"
    unist-util-is "^4.0.0"

unist-util-visit@^2.0.1, unist-util-visit@^2.0.3:
  version "2.0.3"
  resolved "https://registry.npm.taobao.org/unist-util-visit/download/unist-util-visit-2.0.3.tgz#c3703893146df47203bb8a9795af47d7b971208c"
  integrity sha1-w3A4kxRt9HIDu4qXla9H17lxIIw=
  dependencies:
    "@types/unist" "^2.0.0"
    unist-util-is "^4.0.0"
    unist-util-visit-parents "^3.0.0"
